
Microsoft Visual Studio Solution File, Format Version 12.00
# Visual Studio 14
VisualStudioVersion = 14.0.25420.1
MinimumVisualStudioVersion = 10.0.40219.1
Project("{FAE04EC0-301F-11D3-BF4B-00C04F79EFBC}") = "TDD_examples_1", "TDD_examples_1\TDD_examples_1.csproj", "{BA8DF2D7-2EA7-426D-816B-CC404586AEAA}"
EndProject
Project("{FAE04EC0-301F-11D3-BF4B-00C04F79EFBC}") = "TddTestProject", "TddTestProject\TddTestProject.csproj", "{F6DC06E1-7ABC-4C30-8A8F-BE49B0B92D05}"
EndProject
Global
	GlobalSection(SolutionConfigurationPlatforms) = preSolution
		Debug|Any CPU = Debug|Any CPU
		Release|Any CPU = Release|Any CPU
	EndGlobalSection
	GlobalSection(ProjectConfigurationPlatforms) = postSolution
		{BA8DF2D7-2EA7-426D-816B-CC404586AEAA}.Debug|Any CPU.ActiveCfg = Debug|Any CPU
		{BA8DF2D7-2EA7-426D-816B-CC404586AEAA}.Debug|Any CPU.Build.0 = Debug|Any CPU
		{BA8DF2D7-2EA7-426D-816B-CC404586AEAA}.Release|Any CPU.ActiveCfg = Release|Any CPU
		{BA8DF2D7-2EA7-426D-816B-CC404586AEAA}.Release|Any CPU.Build.0 = Release|Any CPU
		{F6DC06E1-7ABC-4C30-8A8F-BE49B0B92D05}.Debug|Any CPU.ActiveCfg = Debug|Any CPU
		{F6DC06E1-7ABC-4C30-8A8F-BE49B0B92D05}.Debug|Any CPU.Build.0 = Debug|Any CPU
		{F6DC06E1-7ABC-4C30-8A8F-BE49B0B92D05}.Release|Any CPU.ActiveCfg = Release|Any CPU
		{F6DC06E1-7ABC-4C30-8A8F-BE49B0B92D05}.Release|Any CPU.Build.0 = Release|Any CPU
	EndGlobalSection
	GlobalSection(SolutionProperties) = preSolution
		HideSolutionNode = FALSE
	EndGlobalSection
EndGlobal
